
Microsoft Visual Studio Solution File, Format Version 12.00
# Visual Studio Version 16
VisualStudioVersion = 16.0.29920.165
MinimumVisualStudioVersion = 10.0.40219.1
Project("{2150E333-8FDC-42A3-9474-1A3956D46DE8}") = "00-Shared", "00-Shared", "{E71D39C9-3188-4BE1-9A62-BD8C356535F4}"
EndProject
Project("{2150E333-8FDC-42A3-9474-1A3956D46DE8}") = "01-InsBrokers", "01-InsBrokers", "{DABBB70A-BD81-4DD5-A49B-A6DC75A70E58}"
EndProject
Project("{2150E333-8FDC-42A3-9474-1A3956D46DE8}") = "02-Notifier", "02-Notifier", "{318A3195-D73B-4F60-B8E7-36BAC08146B3}"
EndProject
Project("{FAE04EC0-301F-11D3-BF4B-00C04F79EFBC}") = "InsBrokers.InfraStructure", "InsBrokers.InfraStructure\InsBrokers.InfraStructure.csproj", "{A847ECAD-8A5A-4F6B-AC99-C647EAE10D8A}"
EndProject
Project("{2150E333-8FDC-42A3-9474-1A3956D46DE8}") = "01-Domain", "01-Domain", "{E851BA8D-812B-4F3B-A8E8-03D793E08EA9}"
EndProject
Project("{2150E333-8FDC-42A3-9474-1A3956D46DE8}") = "02-DataAccess", "02-DataAccess", "{02E08CC7-5B42-4346-841C-81961A872560}"
EndProject
Project("{2150E333-8FDC-42A3-9474-1A3956D46DE8}") = "03-Service", "03-Service", "{7DC869E8-5761-4844-BA3F-4A457E36F8AF}"
EndProject
Project("{2150E333-8FDC-42A3-9474-1A3956D46DE8}") = "04-DependencyResolver", "04-DependencyResolver", "{2FEB02D9-94BC-48BF-B936-C871EC3E033B}"
EndProject
Project("{2150E333-8FDC-42A3-9474-1A3956D46DE8}") = "05-EndPoints", "05-EndPoints", "{433EE5D7-78F4-4E07-AE4B-13916316552D}"
EndProject
Project("{FAE04EC0-301F-11D3-BF4B-00C04F79EFBC}") = "InsBrokers.Domain", "InsBrokers.Domain\InsBrokers.Domain.csproj", "{4A8C17C7-D790-42CC-8378-A9361E68E3A0}"
EndProject
Project("{FAE04EC0-301F-11D3-BF4B-00C04F79EFBC}") = "InsBrokers.DataAccess.Dapper", "InsBrokers.DataAccess.Dapper\InsBrokers.DataAccess.Dapper.csproj", "{AED86531-213A-4464-86CF-AA719B16E107}"
EndProject
Project("{FAE04EC0-301F-11D3-BF4B-00C04F79EFBC}") = "InsBrokers.DataAccess.Ef", "InsBrokers.DataAccess.Ef\InsBrokers.DataAccess.Ef.csproj", "{87078E98-2B91-436E-B8CF-08623ED8D7D3}"
EndProject
Project("{FAE04EC0-301F-11D3-BF4B-00C04F79EFBC}") = "InsBrokers.Service", "InsBrokers.Service\InsBrokers.Service.csproj", "{22C19793-8C75-479B-9D84-5ED03DAFC532}"
EndProject
Project("{FAE04EC0-301F-11D3-BF4B-00C04F79EFBC}") = "InsBrokers.DependencyResolver", "InsBrokers.DependencyResolver\InsBrokers.DependencyResolver.csproj", "{552D15DB-4605-42B7-8A15-34866B3C6147}"
EndProject
Project("{FAE04EC0-301F-11D3-BF4B-00C04F79EFBC}") = "InsBrokers.Portal", "InsBrokers.Portal\InsBrokers.Portal.csproj", "{BF62E32F-CA1F-4136-BCD4-91985C349F69}"
EndProject
Global
	GlobalSection(SolutionConfigurationPlatforms) = preSolution
		Debug|Any CPU = Debug|Any CPU
		Release|Any CPU = Release|Any CPU
	EndGlobalSection
	GlobalSection(ProjectConfigurationPlatforms) = postSolution
		{A847ECAD-8A5A-4F6B-AC99-C647EAE10D8A}.Debug|Any CPU.ActiveCfg = Debug|Any CPU
		{A847ECAD-8A5A-4F6B-AC99-C647EAE10D8A}.Debug|Any CPU.Build.0 = Debug|Any CPU
		{A847ECAD-8A5A-4F6B-AC99-C647EAE10D8A}.Release|Any CPU.ActiveCfg = Release|Any CPU
		{A847ECAD-8A5A-4F6B-AC99-C647EAE10D8A}.Release|Any CPU.Build.0 = Release|Any CPU
		{4A8C17C7-D790-42CC-8378-A9361E68E3A0}.Debug|Any CPU.ActiveCfg = Debug|Any CPU
		{4A8C17C7-D790-42CC-8378-A9361E68E3A0}.Debug|Any CPU.Build.0 = Debug|Any CPU
		{4A8C17C7-D790-42CC-8378-A9361E68E3A0}.Release|Any CPU.ActiveCfg = Release|Any CPU
		{4A8C17C7-D790-42CC-8378-A9361E68E3A0}.Release|Any CPU.Build.0 = Release|Any CPU
		{AED86531-213A-4464-86CF-AA719B16E107}.Debug|Any CPU.ActiveCfg = Debug|Any CPU
		{AED86531-213A-4464-86CF-AA719B16E107}.Debug|Any CPU.Build.0 = Debug|Any CPU
		{AED86531-213A-4464-86CF-AA719B16E107}.Release|Any CPU.ActiveCfg = Release|Any CPU
		{AED86531-213A-4464-86CF-AA719B16E107}.Release|Any CPU.Build.0 = Release|Any CPU
		{87078E98-2B91-436E-B8CF-08623ED8D7D3}.Debug|Any CPU.ActiveCfg = Debug|Any CPU
		{87078E98-2B91-436E-B8CF-08623ED8D7D3}.Debug|Any CPU.Build.0 = Debug|Any CPU
		{87078E98-2B91-436E-B8CF-08623ED8D7D3}.Release|Any CPU.ActiveCfg = Release|Any CPU
		{87078E98-2B91-436E-B8CF-08623ED8D7D3}.Release|Any CPU.Build.0 = Release|Any CPU
		{22C19793-8C75-479B-9D84-5ED03DAFC532}.Debug|Any CPU.ActiveCfg = Debug|Any CPU
		{22C19793-8C75-479B-9D84-5ED03DAFC532}.Debug|Any CPU.Build.0 = Debug|Any CPU
		{22C19793-8C75-479B-9D84-5ED03DAFC532}.Release|Any CPU.ActiveCfg = Release|Any CPU
		{22C19793-8C75-479B-9D84-5ED03DAFC532}.Release|Any CPU.Build.0 = Release|Any CPU
		{552D15DB-4605-42B7-8A15-34866B3C6147}.Debug|Any CPU.ActiveCfg = Debug|Any CPU
		{552D15DB-4605-42B7-8A15-34866B3C6147}.Debug|Any CPU.Build.0 = Debug|Any CPU
		{552D15DB-4605-42B7-8A15-34866B3C6147}.Release|Any CPU.ActiveCfg = Release|Any CPU
		{552D15DB-4605-42B7-8A15-34866B3C6147}.Release|Any CPU.Build.0 = Release|Any CPU
		{BF62E32F-CA1F-4136-BCD4-91985C349F69}.Debug|Any CPU.ActiveCfg = Debug|Any CPU
		{BF62E32F-CA1F-4136-BCD4-91985C349F69}.Debug|Any CPU.Build.0 = Debug|Any CPU
		{BF62E32F-CA1F-4136-BCD4-91985C349F69}.Release|Any CPU.ActiveCfg = Release|Any CPU
		{BF62E32F-CA1F-4136-BCD4-91985C349F69}.Release|Any CPU.Build.0 = Release|Any CPU
	EndGlobalSection
	GlobalSection(SolutionProperties) = preSolution
		HideSolutionNode = FALSE
	EndGlobalSection
	GlobalSection(NestedProjects) = preSolution
		{A847ECAD-8A5A-4F6B-AC99-C647EAE10D8A} = {E71D39C9-3188-4BE1-9A62-BD8C356535F4}
		{E851BA8D-812B-4F3B-A8E8-03D793E08EA9} = {DABBB70A-BD81-4DD5-A49B-A6DC75A70E58}
		{02E08CC7-5B42-4346-841C-81961A872560} = {DABBB70A-BD81-4DD5-A49B-A6DC75A70E58}
		{7DC869E8-5761-4844-BA3F-4A457E36F8AF} = {DABBB70A-BD81-4DD5-A49B-A6DC75A70E58}
		{2FEB02D9-94BC-48BF-B936-C871EC3E033B} = {DABBB70A-BD81-4DD5-A49B-A6DC75A70E58}
		{433EE5D7-78F4-4E07-AE4B-13916316552D} = {DABBB70A-BD81-4DD5-A49B-A6DC75A70E58}
		{4A8C17C7-D790-42CC-8378-A9361E68E3A0} = {E851BA8D-812B-4F3B-A8E8-03D793E08EA9}
		{AED86531-213A-4464-86CF-AA719B16E107} = {02E08CC7-5B42-4346-841C-81961A872560}
		{87078E98-2B91-436E-B8CF-08623ED8D7D3} = {02E08CC7-5B42-4346-841C-81961A872560}
		{22C19793-8C75-479B-9D84-5ED03DAFC532} = {7DC869E8-5761-4844-BA3F-4A457E36F8AF}
		{552D15DB-4605-42B7-8A15-34866B3C6147} = {2FEB02D9-94BC-48BF-B936-C871EC3E033B}
		{BF62E32F-CA1F-4136-BCD4-91985C349F69} = {433EE5D7-78F4-4E07-AE4B-13916316552D}
	EndGlobalSection
	GlobalSection(ExtensibilityGlobals) = postSolution
		SolutionGuid = {5EDACB32-C76D-4D3D-AF98-060A85592730}
	EndGlobalSection
EndGlobal
